// !$*UTF8*$!
{
	archiveVersion = 1;
	classes = {
	};
	objectVersion = 50;
	objects = {

/* Begin PBXBuildFile section */
		F55BBDA42597D5F8007253CA /* EmojiArtApp.swift in Sources */ = {isa = PBXBuildFile; fileRef = F55BBDA32597D5F8007253CA /* EmojiArtApp.swift */; };
		F55BBDA62597D5F8007253CA /* EmojiArtDocumentView.swift in Sources */ = {isa = PBXBuildFile; fileRef = F55BBDA52597D5F8007253CA /* EmojiArtDocumentView.swift */; };
		F55BBDA82597D5FB007253CA /* Assets.xcassets in Resources */ = {isa = PBXBuildFile; fileRef = F55BBDA72597D5FB007253CA /* Assets.xcassets */; };
		F55BBDAB2597D5FB007253CA /* Preview Assets.xcassets in Resources */ = {isa = PBXBuildFile; fileRef = F55BBDAA2597D5FB007253CA /* Preview Assets.xcassets */; };
		F55BBDB42597D62F007253CA /* EmojiArtDocument.swift in Sources */ = {isa = PBXBuildFile; fileRef = F55BBDB32597D62F007253CA /* EmojiArtDocument.swift */; };
		F55BBDBC2597DB27007253CA /* EmojiArt.swift in Sources */ = {isa = PBXBuildFile; fileRef = F55BBDBB2597DB27007253CA /* EmojiArt.swift */; };
		F55BBDBF25980293007253CA /* EmojiArtExtensions.swift in Sources */ = {isa = PBXBuildFile; fileRef = F55BBDBE25980293007253CA /* EmojiArtExtensions.swift */; };
		F55BBDC32599EBCE007253CA /* OptionalImage.swift in Sources */ = {isa = PBXBuildFile; fileRef = F55BBDC22599EBCE007253CA /* OptionalImage.swift */; };
		F55BBDC6259A0575007253CA /* AnimatableSystemFontModifier.swift in Sources */ = {isa = PBXBuildFile; fileRef = F55BBDC5259A0575007253CA /* AnimatableSystemFontModifier.swift */; };
		F55BBDC9259F8E81007253CA /* Spinning.swift in Sources */ = {isa = PBXBuildFile; fileRef = F55BBDC8259F8E81007253CA /* Spinning.swift */; };
		F55BBDCC25A112A3007253CA /* PalleteChooser.swift in Sources */ = {isa = PBXBuildFile; fileRef = F55BBDCB25A112A3007253CA /* PalleteChooser.swift */; };
		F55BBDCF25A9F870007253CA /* EmojiArtDocumentPalette.swift in Sources */ = {isa = PBXBuildFile; fileRef = F55BBDCE25A9F870007253CA /* EmojiArtDocumentPalette.swift */; };
		F55BBDD325AA0E26007253CA /* GridLayout.swift in Sources */ = {isa = PBXBuildFile; fileRef = F55BBDD125AA0E26007253CA /* GridLayout.swift */; };
		F55BBDD425AA0E26007253CA /* Grid.swift in Sources */ = {isa = PBXBuildFile; fileRef = F55BBDD225AA0E26007253CA /* Grid.swift */; };
		F55BBDD725ACCDEB007253CA /* EmojiArtDocumentStore.swift in Sources */ = {isa = PBXBuildFile; fileRef = F55BBDD625ACCDEB007253CA /* EmojiArtDocumentStore.swift */; };
		F55BBDDA25ACD11A007253CA /* EmojiArtDocumentChooser.swift in Sources */ = {isa = PBXBuildFile; fileRef = F55BBDD925ACD11A007253CA /* EmojiArtDocumentChooser.swift */; };
/* End PBXBuildFile section */

/* Begin PBXFileReference section */
		F55BBDA02597D5F8007253CA /* EmojiArt.app */ = {isa = PBXFileReference; explicitFileType = wrapper.application; includeInIndex = 0; path = EmojiArt.app; sourceTree = BUILT_PRODUCTS_DIR; };
		F55BBDA32597D5F8007253CA /* EmojiArtApp.swift */ = {isa = PBXFileReference; lastKnownFileType = sourcecode.swift; path = EmojiArtApp.swift; sourceTree = "<group>"; };
		F55BBDA52597D5F8007253CA /* EmojiArtDocumentView.swift */ = {isa = PBXFileReference; lastKnownFileType = sourcecode.swift; path = EmojiArtDocumentView.swift; sourceTree = "<group>"; };
		F55BBDA72597D5FB007253CA /* Assets.xcassets */ = {isa = PBXFileReference; lastKnownFileType = folder.assetcatalog; path = Assets.xcassets; sourceTree = "<group>"; };
		F55BBDAA2597D5FB007253CA /* Preview Assets.xcassets */ = {isa = PBXFileReference; lastKnownFileType = folder.assetcatalog; path = "Preview Assets.xcassets"; sourceTree = "<group>"; };
		F55BBDAC2597D5FB007253CA /* Info.plist */ = {isa = PBXFileReference; lastKnownFileType = text.plist.xml; path = Info.plist; sourceTree = "<group>"; };
		F55BBDB32597D62F007253CA /* EmojiArtDocument.swift */ = {isa = PBXFileReference; lastKnownFileType = sourcecode.swift; path = EmojiArtDocument.swift; sourceTree = "<group>"; };
		F55BBDBB2597DB27007253CA /* EmojiArt.swift */ = {isa = PBXFileReference; lastKnownFileType = sourcecode.swift; path = EmojiArt.swift; sourceTree = "<group>"; };
		F55BBDBE25980293007253CA /* EmojiArtExtensions.swift */ = {isa = PBXFileReference; fileEncoding = 4; lastKnownFileType = sourcecode.swift; path = EmojiArtExtensions.swift; sourceTree = "<group>"; };
		F55BBDC22599EBCE007253CA /* OptionalImage.swift */ = {isa = PBXFileReference; lastKnownFileType = sourcecode.swift; path = OptionalImage.swift; sourceTree = "<group>"; };
		F55BBDC5259A0575007253CA /* AnimatableSystemFontModifier.swift */ = {isa = PBXFileReference; fileEncoding = 4; lastKnownFileType = sourcecode.swift; path = AnimatableSystemFontModifier.swift; sourceTree = "<group>"; };
		F55BBDC8259F8E81007253CA /* Spinning.swift */ = {isa = PBXFileReference; lastKnownFileType = sourcecode.swift; path = Spinning.swift; sourceTree = "<group>"; };
		F55BBDCB25A112A3007253CA /* PalleteChooser.swift */ = {isa = PBXFileReference; lastKnownFileType = sourcecode.swift; path = PalleteChooser.swift; sourceTree = "<group>"; };
		F55BBDCE25A9F870007253CA /* EmojiArtDocumentPalette.swift */ = {isa = PBXFileReference; fileEncoding = 4; lastKnownFileType = sourcecode.swift; path = EmojiArtDocumentPalette.swift; sourceTree = "<group>"; };
		F55BBDD125AA0E26007253CA /* GridLayout.swift */ = {isa = PBXFileReference; fileEncoding = 4; lastKnownFileType = sourcecode.swift; name = GridLayout.swift; path = ../../MemoryGame/MemoryGame/GridLayout.swift; sourceTree = "<group>"; };
		F55BBDD225AA0E26007253CA /* Grid.swift */ = {isa = PBXFileReference; fileEncoding = 4; lastKnownFileType = sourcecode.swift; name = Grid.swift; path = ../../MemoryGame/MemoryGame/Grid.swift; sourceTree = "<group>"; };
		F55BBDD625ACCDEB007253CA /* EmojiArtDocumentStore.swift */ = {isa = PBXFileReference; fileEncoding = 4; lastKnownFileType = sourcecode.swift; path = EmojiArtDocumentStore.swift; sourceTree = "<group>"; };
		F55BBDD925ACD11A007253CA /* EmojiArtDocumentChooser.swift */ = {isa = PBXFileReference; lastKnownFileType = sourcecode.swift; path = EmojiArtDocumentChooser.swift; sourceTree = "<group>"; };
/* End PBXFileReference section */

/* Begin PBXFrameworksBuildPhase section */
		F55BBD9D2597D5F8007253CA /* Frameworks */ = {
			isa = PBXFrameworksBuildPhase;
			buildActionMask = 2147483647;
			files = (
			);
			runOnlyForDeploymentPostprocessing = 0;
		};
/* End PBXFrameworksBuildPhase section */

/* Begin PBXGroup section */
		F55BBD972597D5F8007253CA = {
			isa = PBXGroup;
			children = (
				F55BBDA22597D5F8007253CA /* EmojiArt */,
				F55BBDA12597D5F8007253CA /* Products */,
			);
			sourceTree = "<group>";
		};
		F55BBDA12597D5F8007253CA /* Products */ = {
			isa = PBXGroup;
			children = (
				F55BBDA02597D5F8007253CA /* EmojiArt.app */,
			);
			name = Products;
			sourceTree = "<group>";
		};
		F55BBDA22597D5F8007253CA /* EmojiArt */ = {
			isa = PBXGroup;
			children = (
				F55BBDC5259A0575007253CA /* AnimatableSystemFontModifier.swift */,
				F55BBDA72597D5FB007253CA /* Assets.xcassets */,
				F55BBDBB2597DB27007253CA /* EmojiArt.swift */,
				F55BBDA32597D5F8007253CA /* EmojiArtApp.swift */,
				F55BBDB32597D62F007253CA /* EmojiArtDocument.swift */,
				F55BBDD925ACD11A007253CA /* EmojiArtDocumentChooser.swift */,
				F55BBDCE25A9F870007253CA /* EmojiArtDocumentPalette.swift */,
				F55BBDD625ACCDEB007253CA /* EmojiArtDocumentStore.swift */,
				F55BBDA52597D5F8007253CA /* EmojiArtDocumentView.swift */,
				F55BBDBE25980293007253CA /* EmojiArtExtensions.swift */,
				F55BBDD225AA0E26007253CA /* Grid.swift */,
				F55BBDD125AA0E26007253CA /* GridLayout.swift */,
				F55BBDAC2597D5FB007253CA /* Info.plist */,
				F55BBDC22599EBCE007253CA /* OptionalImage.swift */,
				F55BBDCB25A112A3007253CA /* PalleteChooser.swift */,
				F55BBDA92597D5FB007253CA /* Preview Content */,
				F55BBDC8259F8E81007253CA /* Spinning.swift */,
			);
			path = EmojiArt;
			sourceTree = "<group>";
		};
		F55BBDA92597D5FB007253CA /* Preview Content */ = {
			isa = PBXGroup;
			children = (
				F55BBDAA2597D5FB007253CA /* Preview Assets.xcassets */,
			);
			path = "Preview Content";
			sourceTree = "<group>";
		};
/* End PBXGroup section */

/* Begin PBXNativeTarget section */
		F55BBD9F2597D5F8007253CA /* EmojiArt */ = {
			isa = PBXNativeTarget;
			buildConfigurationList = F55BBDAF2597D5FB007253CA /* Build configuration list for PBXNativeTarget "EmojiArt" */;
			buildPhases = (
				F55BBD9C2597D5F8007253CA /* Sources */,
				F55BBD9D2597D5F8007253CA /* Frameworks */,
				F55BBD9E2597D5F8007253CA /* Resources */,
			);
			buildRules = (
			);
			dependencies = (
			);
			name = EmojiArt;
			productName = EmojiArt;
			productReference = F55BBDA02597D5F8007253CA /* EmojiArt.app */;
			productType = "com.apple.product-type.application";
		};
/* End PBXNativeTarget section */

/* Begin PBXProject section */
		F55BBD982597D5F8007253CA /* Project object */ = {
			isa = PBXProject;
			attributes = {
				LastSwiftUpdateCheck = 1220;
				LastUpgradeCheck = 1220;
				TargetAttributes = {
					F55BBD9F2597D5F8007253CA = {
						CreatedOnToolsVersion = 12.2;
					};
				};
			};
			buildConfigurationList = F55BBD9B2597D5F8007253CA /* Build configuration list for PBXProject "EmojiArt" */;
			compatibilityVersion = "Xcode 9.3";
			developmentRegion = en;
			hasScannedForEncodings = 0;
			knownRegions = (
				en,
				Base,
			);
			mainGroup = F55BBD972597D5F8007253CA;
			productRefGroup = F55BBDA12597D5F8007253CA /* Products */;
			projectDirPath = "";
			projectRoot = "";
			targets = (
				F55BBD9F2597D5F8007253CA /* EmojiArt */,
			);
		};
/* End PBXProject section */

/* Begin PBXResourcesBuildPhase section */
		F55BBD9E2597D5F8007253CA /* Resources */ = {
			isa = PBXResourcesBuildPhase;
			buildActionMask = 2147483647;
			files = (
				F55BBDAB2597D5FB007253CA /* Preview Assets.xcassets in Resources */,
				F55BBDA82597D5FB007253CA /* Assets.xcassets in Resources */,
			);
			runOnlyForDeploymentPostprocessing = 0;
		};
/* End PBXResourcesBuildPhase section */

/* Begin PBXSourcesBuildPhase section */
		F55BBD9C2597D5F8007253CA /* Sources */ = {
			isa = PBXSourcesBuildPhase;
			buildActionMask = 2147483647;
			files = (
				F55BBDC6259A0575007253CA /* AnimatableSystemFontModifier.swift in Sources */,
				F55BBDBC2597DB27007253CA /* EmojiArt.swift in Sources */,
				F55BBDBF25980293007253CA /* EmojiArtExtensions.swift in Sources */,
				F55BBDCC25A112A3007253CA /* PalleteChooser.swift in Sources */,
				F55BBDA62597D5F8007253CA /* EmojiArtDocumentView.swift in Sources */,
				F55BBDCF25A9F870007253CA /* EmojiArtDocumentPalette.swift in Sources */,
				F55BBDC32599EBCE007253CA /* OptionalImage.swift in Sources */,
				F55BBDB42597D62F007253CA /* EmojiArtDocument.swift in Sources */,
				F55BBDA42597D5F8007253CA /* EmojiArtApp.swift in Sources */,
				F55BBDDA25ACD11A007253CA /* EmojiArtDocumentChooser.swift in Sources */,
				F55BBDD725ACCDEB007253CA /* EmojiArtDocumentStore.swift in Sources */,
				F55BBDC9259F8E81007253CA /* Spinning.swift in Sources */,
				F55BBDD325AA0E26007253CA /* GridLayout.swift in Sources */,
				F55BBDD425AA0E26007253CA /* Grid.swift in Sources */,
			);
			runOnlyForDeploymentPostprocessing = 0;
		};
/* End PBXSourcesBuildPhase section */

/* Begin XCBuildConfiguration section */
		F55BBDAD2597D5FB007253CA /* Debug */ = {
			isa = XCBuildConfiguration;
			buildSettings = {
				ALWAYS_SEARCH_USER_PATHS = NO;
				CLANG_ANALYZER_NONNULL = YES;
				CLANG_ANALYZER_NUMBER_OBJECT_CONVERSION = YES_AGGRESSIVE;
				CLANG_CXX_LANGUAGE_STANDARD = "gnu++14";
				CLANG_CXX_LIBRARY = "libc++";
				CLANG_ENABLE_MODULES = YES;
				CLANG_ENABLE_OBJC_ARC = YES;
				CLANG_ENABLE_OBJC_WEAK = YES;
				CLANG_WARN_BLOCK_CAPTURE_AUTORELEASING = YES;
				CLANG_WARN_BOOL_CONVERSION = YES;
				CLANG_WARN_COMMA = YES;
				CLANG_WARN_CONSTANT_CONVERSION = YES;
				CLANG_WARN_DEPRECATED_OBJC_IMPLEMENTATIONS = YES;
				CLANG_WARN_DIRECT_OBJC_ISA_USAGE = YES_ERROR;
				CLANG_WARN_DOCUMENTATION_COMMENTS = YES;
				CLANG_WARN_EMPTY_BODY = YES;
				CLANG_WARN_ENUM_CONVERSION = YES;
				CLANG_WARN_INFINITE_RECURSION = YES;
				CLANG_WARN_INT_CONVERSION = YES;
				CLANG_WARN_NON_LITERAL_NULL_CONVERSION = YES;
				CLANG_WARN_OBJC_IMPLICIT_RETAIN_SELF = YES;
				CLANG_WARN_OBJC_LITERAL_CONVERSION = YES;
				CLANG_WARN_OBJC_ROOT_CLASS = YES_ERROR;
				CLANG_WARN_QUOTED_INCLUDE_IN_FRAMEWORK_HEADER = YES;
				CLANG_WARN_RANGE_LOOP_ANALYSIS = YES;
				CLANG_WARN_STRICT_PROTOTYPES = YES;
				CLANG_WARN_SUSPICIOUS_MOVE = YES;
				CLANG_WARN_UNGUARDED_AVAILABILITY = YES_AGGRESSIVE;
				CLANG_WARN_UNREACHABLE_CODE = YES;
				CLANG_WARN__DUPLICATE_METHOD_MATCH = YES;
				COPY_PHASE_STRIP = NO;
				DEBUG_INFORMATION_FORMAT = dwarf;
				ENABLE_STRICT_OBJC_MSGSEND = YES;
				ENABLE_TESTABILITY = YES;
				GCC_C_LANGUAGE_STANDARD = gnu11;
				GCC_DYNAMIC_NO_PIC = NO;
				GCC_NO_COMMON_BLOCKS = YES;
				GCC_OPTIMIZATION_LEVEL = 0;
				GCC_PREPROCESSOR_DEFINITIONS = (
					"DEBUG=1",
					"$(inherited)",
				);
				GCC_WARN_64_TO_32_BIT_CONVERSION = YES;
				GCC_WARN_ABOUT_RETURN_TYPE = YES_ERROR;
				GCC_WARN_UNDECLARED_SELECTOR = YES;
				GCC_WARN_UNINITIALIZED_AUTOS = YES_AGGRESSIVE;
				GCC_WARN_UNUSED_FUNCTION = YES;
				GCC_WARN_UNUSED_VARIABLE = YES;
				IPHONEOS_DEPLOYMENT_TARGET = 14.2;
				MTL_ENABLE_DEBUG_INFO = INCLUDE_SOURCE;
				MTL_FAST_MATH = YES;
				ONLY_ACTIVE_ARCH = YES;
				SDKROOT = iphoneos;
				SWIFT_ACTIVE_COMPILATION_CONDITIONS = DEBUG;
				SWIFT_OPTIMIZATION_LEVEL = "-Onone";
			};
			name = Debug;
		};
		F55BBDAE2597D5FB007253CA /* Release */ = {
			isa = XCBuildConfiguration;
			buildSettings = {
				ALWAYS_SEARCH_USER_PATHS = NO;
				CLANG_ANALYZER_NONNULL = YES;
				CLANG_ANALYZER_NUMBER_OBJECT_CONVERSION = YES_AGGRESSIVE;
				CLANG_CXX_LANGUAGE_STANDARD = "gnu++14";
				CLANG_CXX_LIBRARY = "libc++";
				CLANG_ENABLE_MODULES = YES;
				CLANG_ENABLE_OBJC_ARC = YES;
				CLANG_ENABLE_OBJC_WEAK = YES;
				CLANG_WARN_BLOCK_CAPTURE_AUTORELEASING = YES;
				CLANG_WARN_BOOL_CONVERSION = YES;
				CLANG_WARN_COMMA = YES;
				CLANG_WARN_CONSTANT_CONVERSION = YES;
				CLANG_WARN_DEPRECATED_OBJC_IMPLEMENTATIONS = YES;
				CLANG_WARN_DIRECT_OBJC_ISA_USAGE = YES_ERROR;
				CLANG_WARN_DOCUMENTATION_COMMENTS = YES;
				CLANG_WARN_EMPTY_BODY = YES;
				CLANG_WARN_ENUM_CONVERSION = YES;
				CLANG_WARN_INFINITE_RECURSION = YES;
				CLANG_WARN_INT_CONVERSION = YES;
				CLANG_WARN_NON_LITERAL_NULL_CONVERSION = YES;
				CLANG_WARN_OBJC_IMPLICIT_RETAIN_SELF = YES;
				CLANG_WARN_OBJC_LITERAL_CONVERSION = YES;
				CLANG_WARN_OBJC_ROOT_CLASS = YES_ERROR;
				CLANG_WARN_QUOTED_INCLUDE_IN_FRAMEWORK_HEADER = YES;
				CLANG_WARN_RANGE_LOOP_ANALYSIS = YES;
				CLANG_WARN_STRICT_PROTOTYPES = YES;
				CLANG_WARN_SUSPICIOUS_MOVE = YES;
				CLANG_WARN_UNGUARDED_AVAILABILITY = YES_AGGRESSIVE;
				CLANG_WARN_UNREACHABLE_CODE = YES;
				CLANG_WARN__DUPLICATE_METHOD_MATCH = YES;
				COPY_PHASE_STRIP = NO;
				DEBUG_INFORMATION_FORMAT = "dwarf-with-dsym";
				ENABLE_NS_ASSERTIONS = NO;
				ENABLE_STRICT_OBJC_MSGSEND = YES;
				GCC_C_LANGUAGE_STANDARD = gnu11;
				GCC_NO_COMMON_BLOCKS = YES;
				GCC_WARN_64_TO_32_BIT_CONVERSION = YES;
				GCC_WARN_ABOUT_RETURN_TYPE = YES_ERROR;
				GCC_WARN_UNDECLARED_SELECTOR = YES;
				GCC_WARN_UNINITIALIZED_AUTOS = YES_AGGRESSIVE;
				GCC_WARN_UNUSED_FUNCTION = YES;
				GCC_WARN_UNUSED_VARIABLE = YES;
				IPHONEOS_DEPLOYMENT_TARGET = 14.2;
				MTL_ENABLE_DEBUG_INFO = NO;
				MTL_FAST_MATH = YES;
				SDKROOT = iphoneos;
				SWIFT_COMPILATION_MODE = wholemodule;
				SWIFT_OPTIMIZATION_LEVEL = "-O";
				VALIDATE_PRODUCT = YES;
			};
			name = Release;
		};
		F55BBDB02597D5FB007253CA /* Debug */ = {
			isa = XCBuildConfiguration;
			buildSettings = {
				ASSETCATALOG_COMPILER_APPICON_NAME = AppIcon;
				ASSETCATALOG_COMPILER_GLOBAL_ACCENT_COLOR_NAME = AccentColor;
				CODE_SIGN_STYLE = Automatic;
				DEVELOPMENT_ASSET_PATHS = "\"EmojiArt/Preview Content\"";
				ENABLE_PREVIEWS = YES;
				INFOPLIST_FILE = EmojiArt/Info.plist;
				IPHONEOS_DEPLOYMENT_TARGET = 14.0;
				LD_RUNPATH_SEARCH_PATHS = (
					"$(inherited)",
					"@executable_path/Frameworks",
				);
				PRODUCT_BUNDLE_IDENTIFIER = Vlad.EmojiArt;
				PRODUCT_NAME = "$(TARGET_NAME)";
				SWIFT_VERSION = 5.0;
				TARGETED_DEVICE_FAMILY = "1,2";
			};
			name = Debug;
		};
		F55BBDB12597D5FB007253CA /* Release */ = {
			isa = XCBuildConfiguration;
			buildSettings = {
				ASSETCATALOG_COMPILER_APPICON_NAME = AppIcon;
				ASSETCATALOG_COMPILER_GLOBAL_ACCENT_COLOR_NAME = AccentColor;
				CODE_SIGN_STYLE = Automatic;
				DEVELOPMENT_ASSET_PATHS = "\"EmojiArt/Preview Content\"";
				ENABLE_PREVIEWS = YES;
				INFOPLIST_FILE = EmojiArt/Info.plist;
				IPHONEOS_DEPLOYMENT_TARGET = 14.0;
				LD_RUNPATH_SEARCH_PATHS = (
					"$(inherited)",
					"@executable_path/Frameworks",
				);
				PRODUCT_BUNDLE_IDENTIFIER = Vlad.EmojiArt;
				PRODUCT_NAME = "$(TARGET_NAME)";
				SWIFT_VERSION = 5.0;
				TARGETED_DEVICE_FAMILY = "1,2";
			};
			name = Release;
		};
/* End XCBuildConfiguration section */

/* Begin XCConfigurationList section */
		F55BBD9B2597D5F8007253CA /* Build configuration list for PBXProject "EmojiArt" */ = {
			isa = XCConfigurationList;
			buildConfigurations = (
				F55BBDAD2597D5FB007253CA /* Debug */,
				F55BBDAE2597D5FB007253CA /* Release */,
			);
			defaultConfigurationIsVisible = 0;
			defaultConfigurationName = Release;
		};
		F55BBDAF2597D5FB007253CA /* Build configuration list for PBXNativeTarget "EmojiArt" */ = {
			isa = XCConfigurationList;
			buildConfigurations = (
				F55BBDB02597D5FB007253CA /* Debug */,
				F55BBDB12597D5FB007253CA /* Release */,
			);
			defaultConfigurationIsVisible = 0;
			defaultConfigurationName = Release;
		};
/* End XCConfigurationList section */
	};
	rootObject = F55BBD982597D5F8007253CA /* Project object */;
}
